{
  "name": "mingli-paipan-core",
  "version": "0.1.0",
  "lockfileVersion": 3,
  "requires": true,
  "packages": {
    "": {
      "name": "mingli-paipan-core",
      "version": "0.1.0",
      "dependencies": {
        "astronomia": "4.2.0",
        "lunar-typescript": "1.8.6"
      }
    },
    "node_modules/astronomia": {
      "version": "4.2.0",
      "resolved": "https://registry.npmmirror.com/astronomia/-/astronomia-4.2.0.tgz",
      "integrity": "sha512-mTvpBGyXB80aSsDhAAiuwza5VqAyqmj5yzhjBrFhRy17DcWDzJrb8Vdl4Sm+g276S+mY7bk/5hi6akZ5RQFeHg==",
      "license": "MIT",
      "engines": {
        "node": ">=12.0.0"
      }
    },
    "node_modules/lunar-typescript": {
      "version": "1.8.6",
      "resolved": "https://registry.npmmirror.com/lunar-typescript/-/lunar-typescript-1.8.6.tgz",
      "integrity": "sha512-5Eo4T/cnuXfrgO4k5LCpOGHIUOuz5hCF/IfNv0T29WY2shR36Hiz+ecN9WjnUuxUKhql9gbOkPaQoqLFKtPRNA==",
      "license": "MIT"
    }
  }
}
